// !$*UTF8*$!
{
	archiveVersion = 1;
	classes = {
	};
	objectVersion = 77;
	objects = {

/* Begin PBXContainerItemProxy section */
		F40767BB2EEB030F0061A1D7 /* PBXContainerItemProxy */ = {
			isa = PBXContainerItemProxy;
			containerPortal = F40767A02EEB030D0061A1D7 /* Project object */;
			proxyType = 1;
			remoteGlobalIDString = F40767A72EEB030D0061A1D7;
			remoteInfo = SimBus;
		};
		F40767C52EEB030F0061A1D7 /* PBXContainerItemProxy */ = {
			isa = PBXContainerItemProxy;
			containerPortal = F40767A02EEB030D0061A1D7 /* Project object */;
			proxyType = 1;
			remoteGlobalIDString = F40767A72EEB030D0061A1D7;
			remoteInfo = SimBus;
		};
/* End PBXContainerItemProxy section */

/* Begin PBXFileReference section */
		F40767A82EEB030D0061A1D7 /* SimBus.app */ = {isa = PBXFileReference; explicitFileType = wrapper.application; includeInIndex = 0; path = SimBus.app; sourceTree = BUILT_PRODUCTS_DIR; };
		F40767BA2EEB030F0061A1D7 /* SimBusTests.xctest */ = {isa = PBXFileReference; explicitFileType = wrapper.cfbundle; includeInIndex = 0; path = SimBusTests.xctest; sourceTree = BUILT_PRODUCTS_DIR; };
		F40767C42EEB030F0061A1D7 /* SimBusUITests.xctest */ = {isa = PBXFileReference; explicitFileType = wrapper.cfbundle; includeInIndex = 0; path = SimBusUITests.xctest; sourceTree = BUILT_PRODUCTS_DIR; };
/* End PBXFileReference section */

/* Begin PBXFileSystemSynchronizedRootGroup section */
		F40767AA2EEB030D0061A1D7 /* SimBus */ = {
			isa = PBXFileSystemSynchronizedRootGroup;
			path = SimBus;
			sourceTree = "<group>";
		};
		F40767BD2EEB030F0061A1D7 /* SimBusTests */ = {
			isa = PBXFileSystemSynchronizedRootGroup;
			path = SimBusTests;
			sourceTree = "<group>";
		};
		F40767C72EEB030F0061A1D7 /* SimBusUITests */ = {
			isa = PBXFileSystemSynchronizedRootGroup;
			path = SimBusUITests;
			sourceTree = "<group>";
		};
/* End PBXFileSystemSynchronizedRootGroup section */

/* Begin PBXFrameworksBuildPhase section */
		F40767A52EEB030D0061A1D7 /* Frameworks */ = {
			isa = PBXFrameworksBuildPhase;
			buildActionMask = 2147483647;
			files = (
			);
			runOnlyForDeploymentPostprocessing = 0;
		};
		F40767B72EEB030F0061A1D7 /* Frameworks */ = {
			isa = PBXFrameworksBuildPhase;
			buildActionMask = 2147483647;
			files = (
			);
			runOnlyForDeploymentPostprocessing = 0;
		};
		F40767C12EEB030F0061A1D7 /* Frameworks */ = {
			isa = PBXFrameworksBuildPhase;
			buildActionMask = 2147483647;
			files = (
			);
			runOnlyForDeploymentPostprocessing = 0;
		};
/* End PBXFrameworksBuildPhase section */

/* Begin PBXGroup section */
		F407679F2EEB030D0061A1D7 = {
			isa = PBXGroup;
			children = (
				F40767AA2EEB030D0061A1D7 /* SimBus */,
				F40767BD2EEB030F0061A1D7 /* SimBusTests */,
				F40767C72EEB030F0061A1D7 /* SimBusUITests */,
				F40767A92EEB030D0061A1D7 /* Products */,
			);
			sourceTree = "<group>";
		};
		F40767A92EEB030D0061A1D7 /* Products */ = {
			isa = PBXGroup;
			children = (
				F40767A82EEB030D0061A1D7 /* SimBus.app */,
				F40767BA2EEB030F0061A1D7 /* SimBusTests.xctest */,
				F40767C42EEB030F0061A1D7 /* SimBusUITests.xctest */,
			);
			name = Products;
			sourceTree = "<group>";
		};
/* End PBXGroup section */

/* Begin PBXNativeTarget section */
		F40767A72EEB030D0061A1D7 /* SimBus */ = {
			isa = PBXNativeTarget;
			buildConfigurationList = F40767CE2EEB030F0061A1D7 /* Build configuration list for PBXNativeTarget "SimBus" */;
			buildPhases = (
				F40767A42EEB030D0061A1D7 /* Sources */,
				F40767A52EEB030D0061A1D7 /* Frameworks */,
				F40767A62EEB030D0061A1D7 /* Resources */,
			);
			buildRules = (
			);
			dependencies = (
			);
			fileSystemSynchronizedGroups = (
				F40767AA2EEB030D0061A1D7 /* SimBus */,
			);
			name = SimBus;
			packageProductDependencies = (
			);
			productName = SimBus;
			productReference = F40767A82EEB030D0061A1D7 /* SimBus.app */;
			productType = "com.apple.product-type.application";
		};
		F40767B92EEB030F0061A1D7 /* SimBusTests */ = {
			isa = PBXNativeTarget;
			buildConfigurationList = F40767D12EEB030F0061A1D7 /* Build configuration list for PBXNativeTarget "SimBusTests" */;
			buildPhases = (
				F40767B62EEB030F0061A1D7 /* Sources */,
				F40767B72EEB030F0061A1D7 /* Frameworks */,
				F40767B82EEB030F0061A1D7 /* Resources */,
			);
			buildRules = (
			);
			dependencies = (
				F40767BC2EEB030F0061A1D7 /* PBXTargetDependency */,
			);
			fileSystemSynchronizedGroups = (
				F40767BD2EEB030F0061A1D7 /* SimBusTests */,
			);
			name = SimBusTests;
			packageProductDependencies = (
			);
			productName = SimBusTests;
			productReference = F40767BA2EEB030F0061A1D7 /* SimBusTests.xctest */;
			productType = "com.apple.product-type.bundle.unit-test";
		};
		F40767C32EEB030F0061A1D7 /* SimBusUITests */ = {
			isa = PBXNativeTarget;
			buildConfigurationList = F40767D42EEB030F0061A1D7 /* Build configuration list for PBXNativeTarget "SimBusUITests" */;
			buildPhases = (
				F40767C02EEB030F0061A1D7 /* Sources */,
				F40767C12EEB030F0061A1D7 /* Frameworks */,
				F40767C22EEB030F0061A1D7 /* Resources */,
			);
			buildRules = (
			);
			dependencies = (
				F40767C62EEB030F0061A1D7 /* PBXTargetDependency */,
			);
			fileSystemSynchronizedGroups = (
				F40767C72EEB030F0061A1D7 /* SimBusUITests */,
			);
			name = SimBusUITests;
			packageProductDependencies = (
			);
			productName = SimBusUITests;
			productReference = F40767C42EEB030F0061A1D7 /* SimBusUITests.xctest */;
			productType = "com.apple.product-type.bundle.ui-testing";
		};
/* End PBXNativeTarget section */

/* Begin PBXProject section */
		F40767A02EEB030D0061A1D7 /* Project object */ = {
			isa = PBXProject;
			attributes = {
				BuildIndependentTargetsInParallel = 1;
				LastUpgradeCheck = 1630;
				TargetAttributes = {
					F40767A72EEB030D0061A1D7 = {
						CreatedOnToolsVersion = 16.3;
					};
					F40767B92EEB030F0061A1D7 = {
						CreatedOnToolsVersion = 16.3;
						TestTargetID = F40767A72EEB030D0061A1D7;
					};
					F40767C32EEB030F0061A1D7 = {
						CreatedOnToolsVersion = 16.3;
						TestTargetID = F40767A72EEB030D0061A1D7;
					};
				};
			};
			buildConfigurationList = F40767A32EEB030D0061A1D7 /* Build configuration list for PBXProject "SimBus" */;
			developmentRegion = en;
			hasScannedForEncodings = 0;
			knownRegions = (
				en,
				Base,
			);
			mainGroup = F407679F2EEB030D0061A1D7;
			minimizedProjectReferenceProxies = 1;
			preferredProjectObjectVersion = 77;
			productRefGroup = F40767A92EEB030D0061A1D7 /* Products */;
			projectDirPath = "";
			projectRoot = "";
			targets = (
				F40767A72EEB030D0061A1D7 /* SimBus */,
				F40767B92EEB030F0061A1D7 /* SimBusTests */,
				F40767C32EEB030F0061A1D7 /* SimBusUITests */,
			);
		};
/* End PBXProject section */

/* Begin PBXResourcesBuildPhase section */
		F40767A62EEB030D0061A1D7 /* Resources */ = {
			isa = PBXResourcesBuildPhase;
			buildActionMask = 2147483647;
			files = (
			);
			runOnlyForDeploymentPostprocessing = 0;
		};
		F40767B82EEB030F0061A1D7 /* Resources */ = {
			isa = PBXResourcesBuildPhase;
			buildActionMask = 2147483647;
			files = (
			);
			runOnlyForDeploymentPostprocessing = 0;
		};
		F40767C22EEB030F0061A1D7 /* Resources */ = {
			isa = PBXResourcesBuildPhase;
			buildActionMask = 2147483647;
			files = (
			);
			runOnlyForDeploymentPostprocessing = 0;
		};
/* End PBXResourcesBuildPhase section */

/* Begin PBXSourcesBuildPhase section */
		F40767A42EEB030D0061A1D7 /* Sources */ = {
			isa = PBXSourcesBuildPhase;
			buildActionMask = 2147483647;
			files = (
			);
			runOnlyForDeploymentPostprocessing = 0;
		};
		F40767B62EEB030F0061A1D7 /* Sources */ = {
			isa = PBXSourcesBuildPhase;
			buildActionMask = 2147483647;
			files = (
			);
			runOnlyForDeploymentPostprocessing = 0;
		};
		F40767C02EEB030F0061A1D7 /* Sources */ = {
			isa = PBXSourcesBuildPhase;
			buildActionMask = 2147483647;
			files = (
			);
			runOnlyForDeploymentPostprocessing = 0;
		};
/* End PBXSourcesBuildPhase section */

/* Begin PBXTargetDependency section */
		F40767BC2EEB030F0061A1D7 /* PBXTargetDependency */ = {
			isa = PBXTargetDependency;
			target = F40767A72EEB030D0061A1D7 /* SimBus */;
			targetProxy = F40767BB2EEB030F0061A1D7 /* PBXContainerItemProxy */;
		};
		F40767C62EEB030F0061A1D7 /* PBXTargetDependency */ = {
			isa = PBXTargetDependency;
			target = F40767A72EEB030D0061A1D7 /* SimBus */;
			targetProxy = F40767C52EEB030F0061A1D7 /* PBXContainerItemProxy */;
		};
/* End PBXTargetDependency section */

/* Begin XCBuildConfiguration section */
		F40767CC2EEB030F0061A1D7 /* Debug */ = {
			isa = XCBuildConfiguration;
			buildSettings = {
				ALWAYS_SEARCH_USER_PATHS = NO;
				ASSETCATALOG_COMPILER_GENERATE_SWIFT_ASSET_SYMBOL_EXTENSIONS = YES;
				CLANG_ANALYZER_NONNULL = YES;
				CLANG_ANALYZER_NUMBER_OBJECT_CONVERSION = YES_AGGRESSIVE;
				CLANG_CXX_LANGUAGE_STANDARD = "gnu++20";
				CLANG_ENABLE_MODULES = YES;
				CLANG_ENABLE_OBJC_ARC = YES;
				CLANG_ENABLE_OBJC_WEAK = YES;
				CLANG_WARN_BLOCK_CAPTURE_AUTORELEASING = YES;
				CLANG_WARN_BOOL_CONVERSION = YES;
				CLANG_WARN_COMMA = YES;
				CLANG_WARN_CONSTANT_CONVERSION = YES;
				CLANG_WARN_DEPRECATED_OBJC_IMPLEMENTATIONS = YES;
				CLANG_WARN_DIRECT_OBJC_ISA_USAGE = YES_ERROR;
				CLANG_WARN_DOCUMENTATION_COMMENTS = YES;
				CLANG_WARN_EMPTY_BODY = YES;
				CLANG_WARN_ENUM_CONVERSION = YES;
				CLANG_WARN_INFINITE_RECURSION = YES;
				CLANG_WARN_INT_CONVERSION = YES;
				CLANG_WARN_NON_LITERAL_NULL_CONVERSION = YES;
				CLANG_WARN_OBJC_IMPLICIT_RETAIN_SELF = YES;
				CLANG_WARN_OBJC_LITERAL_CONVERSION = YES;
				CLANG_WARN_OBJC_ROOT_CLASS = YES_ERROR;
				CLANG_WARN_QUOTED_INCLUDE_IN_FRAMEWORK_HEADER = YES;
				CLANG_WARN_RANGE_LOOP_ANALYSIS = YES;
				CLANG_WARN_STRICT_PROTOTYPES = YES;
				CLANG_WARN_SUSPICIOUS_MOVE = YES;
				CLANG_WARN_UNGUARDED_AVAILABILITY = YES_AGGRESSIVE;
				CLANG_WARN_UNREACHABLE_CODE = YES;
				CLANG_WARN__DUPLICATE_METHOD_MATCH = YES;
				COPY_PHASE_STRIP = NO;
				DEBUG_INFORMATION_FORMAT = dwarf;
				DEVELOPMENT_TEAM = S9DMW7WK55;
				ENABLE_STRICT_OBJC_MSGSEND = YES;
				ENABLE_TESTABILITY = YES;
				ENABLE_USER_SCRIPT_SANDBOXING = YES;
				GCC_C_LANGUAGE_STANDARD = gnu17;
				GCC_DYNAMIC_NO_PIC = NO;
				GCC_NO_COMMON_BLOCKS = YES;
				GCC_OPTIMIZATION_LEVEL = 0;
				GCC_PREPROCESSOR_DEFINITIONS = (
					"DEBUG=1",
					"$(inherited)",
				);
				GCC_WARN_64_TO_32_BIT_CONVERSION = YES;
				GCC_WARN_ABOUT_RETURN_TYPE = YES_ERROR;
				GCC_WARN_UNDECLARED_SELECTOR = YES;
				GCC_WARN_UNINITIALIZED_AUTOS = YES_AGGRESSIVE;
				GCC_WARN_UNUSED_FUNCTION = YES;
				GCC_WARN_UNUSED_VARIABLE = YES;
				LOCALIZATION_PREFERS_STRING_CATALOGS = YES;
				MACOSX_DEPLOYMENT_TARGET = 15.4;
				MTL_ENABLE_DEBUG_INFO = INCLUDE_SOURCE;
				MTL_FAST_MATH = YES;
				ONLY_ACTIVE_ARCH = YES;
				SDKROOT = macosx;
			};
			name = Debug;
		};
		F40767CD2EEB030F0061A1D7 /* Release */ = {
			isa = XCBuildConfiguration;
			buildSettings = {
				ALWAYS_SEARCH_USER_PATHS = NO;
				ASSETCATALOG_COMPILER_GENERATE_SWIFT_ASSET_SYMBOL_EXTENSIONS = YES;
				CLANG_ANALYZER_NONNULL = YES;
				CLANG_ANALYZER_NUMBER_OBJECT_CONVERSION = YES_AGGRESSIVE;
				CLANG_CXX_LANGUAGE_STANDARD = "gnu++20";
				CLANG_ENABLE_MODULES = YES;
				CLANG_ENABLE_OBJC_ARC = YES;
				CLANG_ENABLE_OBJC_WEAK = YES;
				CLANG_WARN_BLOCK_CAPTURE_AUTORELEASING = YES;
				CLANG_WARN_BOOL_CONVERSION = YES;
				CLANG_WARN_COMMA = YES;
				CLANG_WARN_CONSTANT_CONVERSION = YES;
				CLANG_WARN_DEPRECATED_OBJC_IMPLEMENTATIONS = YES;
				CLANG_WARN_DIRECT_OBJC_ISA_USAGE = YES_ERROR;
				CLANG_WARN_DOCUMENTATION_COMMENTS = YES;
				CLANG_WARN_EMPTY_BODY = YES;
				CLANG_WARN_ENUM_CONVERSION = YES;
				CLANG_WARN_INFINITE_RECURSION = YES;
				CLANG_WARN_INT_CONVERSION = YES;
				CLANG_WARN_NON_LITERAL_NULL_CONVERSION = YES;
				CLANG_WARN_OBJC_IMPLICIT_RETAIN_SELF = YES;
				CLANG_WARN_OBJC_LITERAL_CONVERSION = YES;
				CLANG_WARN_OBJC_ROOT_CLASS = YES_ERROR;
				CLANG_WARN_QUOTED_INCLUDE_IN_FRAMEWORK_HEADER = YES;
				CLANG_WARN_RANGE_LOOP_ANALYSIS = YES;
				CLANG_WARN_STRICT_PROTOTYPES = YES;
				CLANG_WARN_SUSPICIOUS_MOVE = YES;
				CLANG_WARN_UNGUARDED_AVAILABILITY = YES_AGGRESSIVE;
				CLANG_WARN_UNREACHABLE_CODE = YES;
				CLANG_WARN__DUPLICATE_METHOD_MATCH = YES;
				COPY_PHASE_STRIP = NO;
				DEBUG_INFORMATION_FORMAT = "dwarf-with-dsym";
				DEVELOPMENT_TEAM = S9DMW7WK55;
				ENABLE_NS_ASSERTIONS = NO;
				ENABLE_STRICT_OBJC_MSGSEND = YES;
				ENABLE_USER_SCRIPT_SANDBOXING = YES;
				GCC_C_LANGUAGE_STANDARD = gnu17;
				GCC_NO_COMMON_BLOCKS = YES;
				GCC_WARN_64_TO_32_BIT_CONVERSION = YES;
				GCC_WARN_ABOUT_RETURN_TYPE = YES_ERROR;
				GCC_WARN_UNDECLARED_SELECTOR = YES;
				GCC_WARN_UNINITIALIZED_AUTOS = YES_AGGRESSIVE;
				GCC_WARN_UNUSED_FUNCTION = YES;
				GCC_WARN_UNUSED_VARIABLE = YES;
				LOCALIZATION_PREFERS_STRING_CATALOGS = YES;
				MACOSX_DEPLOYMENT_TARGET = 15.4;
				MTL_ENABLE_DEBUG_INFO = NO;
				MTL_FAST_MATH = YES;
				SDKROOT = macosx;
			};
			name = Release;
		};
		F40767CF2EEB030F0061A1D7 /* Debug */ = {
			isa = XCBuildConfiguration;
			buildSettings = {
				ASSETCATALOG_COMPILER_APPICON_NAME = AppIcon;
				ASSETCATALOG_COMPILER_GLOBAL_ACCENT_COLOR_NAME = AccentColor;
				CODE_SIGN_ENTITLEMENTS = SimBus/SimBus.entitlements;
				CODE_SIGN_STYLE = Automatic;
				COMBINE_HIDPI_IMAGES = YES;
				CURRENT_PROJECT_VERSION = 1;
				DEVELOPMENT_TEAM = S9DMW7WK55;
				ENABLE_HARDENED_RUNTIME = YES;
				GENERATE_INFOPLIST_FILE = YES;
				INFOPLIST_KEY_NSHumanReadableCopyright = "";
				INFOPLIST_KEY_NSMainNibFile = MainMenu;
				INFOPLIST_KEY_NSPrincipalClass = NSApplication;
				LD_RUNPATH_SEARCH_PATHS = (
					"$(inherited)",
					"@executable_path/../Frameworks",
				);
				MARKETING_VERSION = 1.0;
				PRODUCT_BUNDLE_IDENTIFIER = info.azoth.SimBus;
				PRODUCT_NAME = "$(TARGET_NAME)";
				REGISTER_APP_GROUPS = YES;
				SWIFT_EMIT_LOC_STRINGS = YES;
			};
			name = Debug;
		};
		F40767D02EEB030F0061A1D7 /* Release */ = {
			isa = XCBuildConfiguration;
			buildSettings = {
				ASSETCATALOG_COMPILER_APPICON_NAME = AppIcon;
				ASSETCATALOG_COMPILER_GLOBAL_ACCENT_COLOR_NAME = AccentColor;
				CODE_SIGN_ENTITLEMENTS = SimBus/SimBus.entitlements;
				CODE_SIGN_STYLE = Automatic;
				COMBINE_HIDPI_IMAGES = YES;
				CURRENT_PROJECT_VERSION = 1;
				DEVELOPMENT_TEAM = S9DMW7WK55;
				ENABLE_HARDENED_RUNTIME = YES;
				GENERATE_INFOPLIST_FILE = YES;
				INFOPLIST_KEY_NSHumanReadableCopyright = "";
				INFOPLIST_KEY_NSMainNibFile = MainMenu;
				INFOPLIST_KEY_NSPrincipalClass = NSApplication;
				LD_RUNPATH_SEARCH_PATHS = (
					"$(inherited)",
					"@executable_path/../Frameworks",
				);
				MARKETING_VERSION = 1.0;
				PRODUCT_BUNDLE_IDENTIFIER = info.azoth.SimBus;
				PRODUCT_NAME = "$(TARGET_NAME)";
				REGISTER_APP_GROUPS = YES;
				SWIFT_EMIT_LOC_STRINGS = YES;
			};
			name = Release;
		};
		F40767D22EEB030F0061A1D7 /* Debug */ = {
			isa = XCBuildConfiguration;
			buildSettings = {
				BUNDLE_LOADER = "$(TEST_HOST)";
				CODE_SIGN_STYLE = Automatic;
				CURRENT_PROJECT_VERSION = 1;
				DEVELOPMENT_TEAM = S9DMW7WK55;
				GENERATE_INFOPLIST_FILE = YES;
				MACOSX_DEPLOYMENT_TARGET = 15.4;
				MARKETING_VERSION = 1.0;
				PRODUCT_BUNDLE_IDENTIFIER = info.azoth.SimBusTests;
				PRODUCT_NAME = "$(TARGET_NAME)";
				SWIFT_EMIT_LOC_STRINGS = NO;
				TEST_HOST = "$(BUILT_PRODUCTS_DIR)/SimBus.app/$(BUNDLE_EXECUTABLE_FOLDER_PATH)/SimBus";
			};
			name = Debug;
		};
		F40767D32EEB030F0061A1D7 /* Release */ = {
			isa = XCBuildConfiguration;
			buildSettings = {
				BUNDLE_LOADER = "$(TEST_HOST)";
				CODE_SIGN_STYLE = Automatic;
				CURRENT_PROJECT_VERSION = 1;
				DEVELOPMENT_TEAM = S9DMW7WK55;
				GENERATE_INFOPLIST_FILE = YES;
				MACOSX_DEPLOYMENT_TARGET = 15.4;
				MARKETING_VERSION = 1.0;
				PRODUCT_BUNDLE_IDENTIFIER = info.azoth.SimBusTests;
				PRODUCT_NAME = "$(TARGET_NAME)";
				SWIFT_EMIT_LOC_STRINGS = NO;
				TEST_HOST = "$(BUILT_PRODUCTS_DIR)/SimBus.app/$(BUNDLE_EXECUTABLE_FOLDER_PATH)/SimBus";
			};
			name = Release;
		};
		F40767D52EEB030F0061A1D7 /* Debug */ = {
			isa = XCBuildConfiguration;
			buildSettings = {
				CODE_SIGN_STYLE = Automatic;
				CURRENT_PROJECT_VERSION = 1;
				DEVELOPMENT_TEAM = S9DMW7WK55;
				GENERATE_INFOPLIST_FILE = YES;
				MARKETING_VERSION = 1.0;
				PRODUCT_BUNDLE_IDENTIFIER = info.azoth.SimBusUITests;
				PRODUCT_NAME = "$(TARGET_NAME)";
				SWIFT_EMIT_LOC_STRINGS = NO;
				TEST_TARGET_NAME = SimBus;
			};
			name = Debug;
		};
		F40767D62EEB030F0061A1D7 /* Release */ = {
			isa = XCBuildConfiguration;
			buildSettings = {
				CODE_SIGN_STYLE = Automatic;
				CURRENT_PROJECT_VERSION = 1;
				DEVELOPMENT_TEAM = S9DMW7WK55;
				GENERATE_INFOPLIST_FILE = YES;
				MARKETING_VERSION = 1.0;
				PRODUCT_BUNDLE_IDENTIFIER = info.azoth.SimBusUITests;
				PRODUCT_NAME = "$(TARGET_NAME)";
				SWIFT_EMIT_LOC_STRINGS = NO;
				TEST_TARGET_NAME = SimBus;
			};
			name = Release;
		};
/* End XCBuildConfiguration section */

/* Begin XCConfigurationList section */
		F40767A32EEB030D0061A1D7 /* Build configuration list for PBXProject "SimBus" */ = {
			isa = XCConfigurationList;
			buildConfigurations = (
				F40767CC2EEB030F0061A1D7 /* Debug */,
				F40767CD2EEB030F0061A1D7 /* Release */,
			);
			defaultConfigurationIsVisible = 0;
			defaultConfigurationName = Release;
		};
		F40767CE2EEB030F0061A1D7 /* Build configuration list for PBXNativeTarget "SimBus" */ = {
			isa = XCConfigurationList;
			buildConfigurations = (
				F40767CF2EEB030F0061A1D7 /* Debug */,
				F40767D02EEB030F0061A1D7 /* Release */,
			);
			defaultConfigurationIsVisible = 0;
			defaultConfigurationName = Release;
		};
		F40767D12EEB030F0061A1D7 /* Build configuration list for PBXNativeTarget "SimBusTests" */ = {
			isa = XCConfigurationList;
			buildConfigurations = (
				F40767D22EEB030F0061A1D7 /* Debug */,
				F40767D32EEB030F0061A1D7 /* Release */,
			);
			defaultConfigurationIsVisible = 0;
			defaultConfigurationName = Release;
		};
		F40767D42EEB030F0061A1D7 /* Build configuration list for PBXNativeTarget "SimBusUITests" */ = {
			isa = XCConfigurationList;
			buildConfigurations = (
				F40767D52EEB030F0061A1D7 /* Debug */,
				F40767D62EEB030F0061A1D7 /* Release */,
			);
			defaultConfigurationIsVisible = 0;
			defaultConfigurationName = Release;
		};
/* End XCConfigurationList section */
	};
	rootObject = F40767A02EEB030D0061A1D7 /* Project object */;
}
